<?xml version="1.0" encoding="utf-8"?>
<Project ToolsVersion="4.0" xmlns="http://schemas.microsoft.com/developer/msbuild/2003">
  <ItemGroup>
    <ClInclude Include="stdafx.h">
      <Filter>Common</Filter>
    </ClInclude>
    <ClInclude Include="SceneWoW.h" />
    <ClInclude Include="UIControls\UIControlMinimap.h">
      <Filter>UIControls</Filter>
    </ClInclude>
    <ClInclude Include="SceneWoWClient.h" />
    <ClInclude Include="Collision\CollisionUtils.h">
      <Filter>Collision</Filter>
    </ClInclude>
  </ItemGroup>
  <ItemGroup>
    <ClCompile Include="main.cpp" />
    <ClCompile Include="stdafx.cpp">
      <Filter>Common</Filter>
    </ClCompile>
    <ClCompile Include="SceneWoW.cpp" />
    <ClCompile Include="SceneWoWClient.cpp" />
    <ClCompile Include="UIControls\UIControlMinimap.cpp">
      <Filter>UIControls</Filter>
    </ClCompile>
    <ClCompile Include="Collision\CollisionUtils.cpp">
      <Filter>Collision</Filter>
    </ClCompile>
  </ItemGroup>
  <ItemGroup>
    <Filter Include="Common">
      <UniqueIdentifier>{d8c5527d-4092-4dba-af1a-a3b1f7a57e92}</UniqueIdentifier>
    </Filter>
    <Filter Include="UIControls">
      <UniqueIdentifier>{7e8c8b0c-5c6b-4a1f-9e50-6c78e9ecdaeb}</UniqueIdentifier>
    </Filter>
    <Filter Include="Collision">
      <UniqueIdentifier>{7b1da542-aabb-4ce5-90d8-cc185843d755}</UniqueIdentifier>
    </Filter>
  </ItemGroup>
</Project>