<?xml version="1.0" encoding="utf-8"?>
<Project ToolsVersion="4.0" xmlns="http://schemas.microsoft.com/developer/msbuild/2003">
  <ItemGroup>
    <Filter Include="AuthSocket">
      <UniqueIdentifier>{930636c5-84d9-4f27-9532-89aa7589cf41}</UniqueIdentifier>
    </Filter>
    <Filter Include="CharacterSelection">
      <UniqueIdentifier>{61d530e3-c057-43d7-abd3-cb80601793bd}</UniqueIdentifier>
    </Filter>
    <Filter Include="Client">
      <UniqueIdentifier>{55888e99-58b1-4819-8df8-f1b5d1e6519c}</UniqueIdentifier>
    </Filter>
    <Filter Include="AuthSocket\Cryptography">
      <UniqueIdentifier>{b1c0c11e-5348-429b-a68c-3ebbad2d300e}</UniqueIdentifier>
    </Filter>
    <Filter Include="World">
      <UniqueIdentifier>{eb46a660-0a0c-4202-99f0-ee7b0ba1c4bd}</UniqueIdentifier>
    </Filter>
    <Filter Include="WorldSocket">
      <UniqueIdentifier>{b30546f9-53e7-4b84-97ec-08dd5094518e}</UniqueIdentifier>
    </Filter>
    <Filter Include="Common">
      <UniqueIdentifier>{60b69401-f8f6-45e9-97d9-e4bd0b6b3f60}</UniqueIdentifier>
    </Filter>
    <Filter Include="Renderer">
      <UniqueIdentifier>{745dc5d0-e4bc-4c45-8f51-0e38b5a6b824}</UniqueIdentifier>
    </Filter>
    <Filter Include="Warden">
      <UniqueIdentifier>{eae392f7-ea40-40d2-b4cc-613852a03605}</UniqueIdentifier>
    </Filter>
    <Filter Include="Objects">
      <UniqueIdentifier>{305be41d-6d10-4f33-90a0-dfda77515bae}</UniqueIdentifier>
    </Filter>
    <Filter Include="Objects\Base">
      <UniqueIdentifier>{a78b7db5-b688-45fa-95c6-920d7fa13b4f}</UniqueIdentifier>
    </Filter>
    <Filter Include="Objects\Items">
      <UniqueIdentifier>{ba4591bb-ff79-43a0-a3b4-17ee8bb55e68}</UniqueIdentifier>
    </Filter>
    <Filter Include="Objects\Units">
      <UniqueIdentifier>{81e6d1db-8032-48d1-a158-6c60ab6d614a}</UniqueIdentifier>
    </Filter>
    <Filter Include="Objects\GameObjects">
      <UniqueIdentifier>{d5967c2a-aa02-4c16-be04-9fdfde4ccb22}</UniqueIdentifier>
    </Filter>
    <Filter Include="Objects\Helpers">
      <UniqueIdentifier>{e9e200b3-98dc-4f0c-8e6b-80c29506478e}</UniqueIdentifier>
    </Filter>
    <Filter Include="Objects\Helpers\Spline">
      <UniqueIdentifier>{c6d73d1d-5857-4ebb-bf68-45d7f11d4a63}</UniqueIdentifier>
    </Filter>
    <Filter Include="RealmSelection">
      <UniqueIdentifier>{627d0987-c930-4bfd-bc62-c8748dfa4a3b}</UniqueIdentifier>
    </Filter>
    <Filter Include="Client\DBCStorage">
      <UniqueIdentifier>{f6ddb1e1-65b6-4a45-8f39-f68c0fac1c9e}</UniqueIdentifier>
    </Filter>
    <Filter Include="Client\WDBCache">
      <UniqueIdentifier>{fb9962b9-c3f0-4575-8dd2-4113e99c9e34}</UniqueIdentifier>
    </Filter>
  </ItemGroup>
  <ItemGroup>
    <ClInclude Include="RealmSelection\RealmInfo.h">
      <Filter>RealmSelection</Filter>
    </ClInclude>
    <ClInclude Include="World\WorldObjects.h">
      <Filter>World</Filter>
    </ClInclude>
    <ClInclude Include="World\WorldObjectUpdater.h">
      <Filter>World</Filter>
    </ClInclude>
    <ClInclude Include="WorldSocket\ClientPacket.h">
      <Filter>WorldSocket</Filter>
    </ClInclude>
    <ClInclude Include="WorldSocket\Opcodes.h">
      <Filter>WorldSocket</Filter>
    </ClInclude>
    <ClInclude Include="WorldSocket\OpcodesNames.h">
      <Filter>WorldSocket</Filter>
    </ClInclude>
    <ClInclude Include="WorldSocket\ServerPacket.h">
      <Filter>WorldSocket</Filter>
    </ClInclude>
    <ClInclude Include="WorldSocket\WorldSocket.h">
      <Filter>WorldSocket</Filter>
    </ClInclude>
    <ClInclude Include="Client\Client.h">
      <Filter>Client</Filter>
    </ClInclude>
    <ClInclude Include="Client\ClientCache.h">
      <Filter>Client</Filter>
    </ClInclude>
    <ClInclude Include="CharacterSelection\CharacterSelection.h">
      <Filter>CharacterSelection</Filter>
    </ClInclude>
    <ClInclude Include="AuthSocket\Cryptography\ARC4.h">
      <Filter>AuthSocket\Cryptography</Filter>
    </ClInclude>
    <ClInclude Include="AuthSocket\Cryptography\BigNumber.h">
      <Filter>AuthSocket\Cryptography</Filter>
    </ClInclude>
    <ClInclude Include="AuthSocket\Cryptography\HMACSHA1.h">
      <Filter>AuthSocket\Cryptography</Filter>
    </ClInclude>
    <ClInclude Include="AuthSocket\Cryptography\OpenSSLCrypto.h">
      <Filter>AuthSocket\Cryptography</Filter>
    </ClInclude>
    <ClInclude Include="AuthSocket\Cryptography\SHA1.h">
      <Filter>AuthSocket\Cryptography</Filter>
    </ClInclude>
    <ClInclude Include="AuthSocket\AuthCodes.h">
      <Filter>AuthSocket</Filter>
    </ClInclude>
    <ClInclude Include="AuthSocket\AuthCrypt.h">
      <Filter>AuthSocket</Filter>
    </ClInclude>
    <ClInclude Include="AuthSocket\AuthSocket.h">
      <Filter>AuthSocket</Filter>
    </ClInclude>
    <ClInclude Include="common.h">
      <Filter>Common</Filter>
    </ClInclude>
    <ClInclude Include="stdafx.h">
      <Filter>Common</Filter>
    </ClInclude>
    <ClInclude Include="..\shared\owClient.h">
      <Filter>Common</Filter>
    </ClInclude>
    <ClInclude Include="Renderer\RenderPass_Path.h">
      <Filter>Renderer</Filter>
    </ClInclude>
    <ClInclude Include="Client\TransportAnimationStorage.h">
      <Filter>Client\DBCStorage</Filter>
    </ClInclude>
    <ClInclude Include="Client\TaxiStorage.h">
      <Filter>Client\DBCStorage</Filter>
    </ClInclude>
    <ClInclude Include="World\WoWGUID.h">
      <Filter>World</Filter>
    </ClInclude>
    <ClInclude Include="Warden\Warden.h">
      <Filter>Warden</Filter>
    </ClInclude>
    <ClInclude Include="Warden\WardenStructs.h">
      <Filter>Warden</Filter>
    </ClInclude>
    <ClInclude Include="AuthSocket\Cryptography\SHA1Randx.h">
      <Filter>AuthSocket\Cryptography</Filter>
    </ClInclude>
    <ClInclude Include="Warden\WardenModuleWin.h">
      <Filter>Warden</Filter>
    </ClInclude>
    <ClInclude Include="Warden\WardenChecks.h">
      <Filter>Warden</Filter>
    </ClInclude>
    <ClInclude Include="WorldSocket\PacketsQueue.h">
      <Filter>WorldSocket</Filter>
    </ClInclude>
    <ClInclude Include="Objects\WoWCorpse.h">
      <Filter>Objects</Filter>
    </ClInclude>
    <ClInclude Include="Objects\WoWDynamicObject.h">
      <Filter>Objects</Filter>
    </ClInclude>
    <ClInclude Include="Objects\WoWPlayer.h">
      <Filter>Objects</Filter>
    </ClInclude>
    <ClInclude Include="Objects\Helpers\Spline\MoveSplineFlag.h">
      <Filter>Objects\Helpers\Spline</Filter>
    </ClInclude>
    <ClInclude Include="Objects\Helpers\Spline\Path.h">
      <Filter>Objects\Helpers\Spline</Filter>
    </ClInclude>
    <ClInclude Include="Objects\Helpers\Spline\PathNode.h">
      <Filter>Objects\Helpers\Spline</Filter>
    </ClInclude>
    <ClInclude Include="Objects\GameObjects\WoWGameObject.h">
      <Filter>Objects\GameObjects</Filter>
    </ClInclude>
    <ClInclude Include="Objects\GameObjects\WoWGameObjectMOTransport.h">
      <Filter>Objects\GameObjects</Filter>
    </ClInclude>
    <ClInclude Include="Objects\Items\WoWContainer.h">
      <Filter>Objects\Items</Filter>
    </ClInclude>
    <ClInclude Include="Objects\Items\WoWItem.h">
      <Filter>Objects\Items</Filter>
    </ClInclude>
    <ClInclude Include="Objects\Base\UpdateMask.h">
      <Filter>Objects\Base</Filter>
    </ClInclude>
    <ClInclude Include="Objects\Base\WoWObject.h">
      <Filter>Objects\Base</Filter>
    </ClInclude>
    <ClInclude Include="Objects\Base\WoWObjectValues.h">
      <Filter>Objects\Base</Filter>
    </ClInclude>
    <ClInclude Include="Objects\Base\WoWObjectValuesList.h">
      <Filter>Objects\Base</Filter>
    </ClInclude>
    <ClInclude Include="Objects\Base\WoWWorldObject.h">
      <Filter>Objects\Base</Filter>
    </ClInclude>
    <ClInclude Include="Objects\Units\WoWUnit.h">
      <Filter>Objects\Units</Filter>
    </ClInclude>
    <ClInclude Include="Objects\Units\WoWUnitFlags.h">
      <Filter>Objects\Units</Filter>
    </ClInclude>
    <ClInclude Include="Objects\Helpers\MovementInfo.h">
      <Filter>Objects\Helpers</Filter>
    </ClInclude>
    <ClInclude Include="World\ServerWorld.h">
      <Filter>World</Filter>
    </ClInclude>
    <ClInclude Include="Client\WDB\WDBCreatureCache.h">
      <Filter>Client\WDBCache</Filter>
    </ClInclude>
    <ClInclude Include="Client\WDB\WDBFile.h">
      <Filter>Client\WDBCache</Filter>
    </ClInclude>
    <ClInclude Include="Client\WDB\WDBGameObjectCache.h">
      <Filter>Client\WDBCache</Filter>
    </ClInclude>
    <ClInclude Include="Client\WDB\WDBItemCache.h">
      <Filter>Client\WDBCache</Filter>
    </ClInclude>
  </ItemGroup>
  <ItemGroup>
    <ClCompile Include="World\WorldObjects.cpp">
      <Filter>World</Filter>
    </ClCompile>
    <ClCompile Include="World\WorldObjectUpdater.cpp">
      <Filter>World</Filter>
    </ClCompile>
    <ClCompile Include="WorldSocket\ClientPacket.cpp">
      <Filter>WorldSocket</Filter>
    </ClCompile>
    <ClCompile Include="WorldSocket\ServerPacket.cpp">
      <Filter>WorldSocket</Filter>
    </ClCompile>
    <ClCompile Include="WorldSocket\WorldSocket.cpp">
      <Filter>WorldSocket</Filter>
    </ClCompile>
    <ClCompile Include="Client\Client.cpp">
      <Filter>Client</Filter>
    </ClCompile>
    <ClCompile Include="Client\ClientCache.cpp">
      <Filter>Client</Filter>
    </ClCompile>
    <ClCompile Include="CharacterSelection\CharacterSelection.cpp">
      <Filter>CharacterSelection</Filter>
    </ClCompile>
    <ClCompile Include="AuthSocket\Cryptography\ARC4.cpp">
      <Filter>AuthSocket\Cryptography</Filter>
    </ClCompile>
    <ClCompile Include="AuthSocket\Cryptography\BigNumber.cpp">
      <Filter>AuthSocket\Cryptography</Filter>
    </ClCompile>
    <ClCompile Include="AuthSocket\Cryptography\HMACSHA1.cpp">
      <Filter>AuthSocket\Cryptography</Filter>
    </ClCompile>
    <ClCompile Include="AuthSocket\Cryptography\OpenSSLCrypto.cpp">
      <Filter>AuthSocket\Cryptography</Filter>
    </ClCompile>
    <ClCompile Include="AuthSocket\Cryptography\SHA1.cpp">
      <Filter>AuthSocket\Cryptography</Filter>
    </ClCompile>
    <ClCompile Include="AuthSocket\AuthCrypt.cpp">
      <Filter>AuthSocket</Filter>
    </ClCompile>
    <ClCompile Include="AuthSocket\AuthSocket.cpp">
      <Filter>AuthSocket</Filter>
    </ClCompile>
    <ClCompile Include="stdafx.cpp">
      <Filter>Common</Filter>
    </ClCompile>
    <ClCompile Include="Renderer\RenderPass_Path.cpp">
      <Filter>Renderer</Filter>
    </ClCompile>
    <ClCompile Include="Client\TransportAnimationStorage.cpp">
      <Filter>Client\DBCStorage</Filter>
    </ClCompile>
    <ClCompile Include="Client\TaxiStorage.cpp">
      <Filter>Client\DBCStorage</Filter>
    </ClCompile>
    <ClCompile Include="owClient.cpp">
      <Filter>Common</Filter>
    </ClCompile>
    <ClCompile Include="World\WoWGUID.cpp">
      <Filter>World</Filter>
    </ClCompile>
    <ClCompile Include="Warden\Warden.cpp">
      <Filter>Warden</Filter>
    </ClCompile>
    <ClCompile Include="AuthSocket\Cryptography\SHA1Randx.cpp">
      <Filter>AuthSocket\Cryptography</Filter>
    </ClCompile>
    <ClCompile Include="WorldSocket\PacketsQueue.cpp">
      <Filter>WorldSocket</Filter>
    </ClCompile>
    <ClCompile Include="Objects\WoWCorpse.cpp">
      <Filter>Objects</Filter>
    </ClCompile>
    <ClCompile Include="Objects\WoWDynamicObject.cpp">
      <Filter>Objects</Filter>
    </ClCompile>
    <ClCompile Include="Objects\WoWPlayer.cpp">
      <Filter>Objects</Filter>
    </ClCompile>
    <ClCompile Include="Objects\Helpers\Spline\Path.cpp">
      <Filter>Objects\Helpers\Spline</Filter>
    </ClCompile>
    <ClCompile Include="Objects\Helpers\Spline\PathNode.cpp">
      <Filter>Objects\Helpers\Spline</Filter>
    </ClCompile>
    <ClCompile Include="Objects\GameObjects\WoWGameObject.cpp">
      <Filter>Objects\GameObjects</Filter>
    </ClCompile>
    <ClCompile Include="Objects\GameObjects\WoWGameObjectMOTransport.cpp">
      <Filter>Objects\GameObjects</Filter>
    </ClCompile>
    <ClCompile Include="Objects\Items\WoWContainer.cpp">
      <Filter>Objects\Items</Filter>
    </ClCompile>
    <ClCompile Include="Objects\Items\WoWItem.cpp">
      <Filter>Objects\Items</Filter>
    </ClCompile>
    <ClCompile Include="Objects\Base\WoWObject.cpp">
      <Filter>Objects\Base</Filter>
    </ClCompile>
    <ClCompile Include="Objects\Base\WoWObjectValues.cpp">
      <Filter>Objects\Base</Filter>
    </ClCompile>
    <ClCompile Include="Objects\Base\WoWWorldObject.cpp">
      <Filter>Objects\Base</Filter>
    </ClCompile>
    <ClCompile Include="Objects\Units\WoWUnit.cpp">
      <Filter>Objects\Units</Filter>
    </ClCompile>
    <ClCompile Include="World\ServerWorld.cpp">
      <Filter>World</Filter>
    </ClCompile>
    <ClCompile Include="Client\WDB\WDBCreatureCache.cpp">
      <Filter>Client\WDBCache</Filter>
    </ClCompile>
    <ClCompile Include="Client\WDB\WDBFile.cpp">
      <Filter>Client\WDBCache</Filter>
    </ClCompile>
    <ClCompile Include="Client\WDB\WDBGameObjectCache.cpp">
      <Filter>Client\WDBCache</Filter>
    </ClCompile>
    <ClCompile Include="Client\WDB\WDBItemCache.cpp">
      <Filter>Client\WDBCache</Filter>
    </ClCompile>
  </ItemGroup>
</Project>