<?xml version="1.0" encoding="utf-8"?>
<Project ToolsVersion="4.0" xmlns="http://schemas.microsoft.com/developer/msbuild/2003">
  <ItemGroup>
    <Filter Include="Liquid">
      <UniqueIdentifier>{6f7eba9b-6a7f-4263-83fd-d00c9258fd96}</UniqueIdentifier>
    </Filter>
    <Filter Include="Common">
      <UniqueIdentifier>{d0033b79-fd0f-4221-80fa-9a9bedd64d33}</UniqueIdentifier>
    </Filter>
    <Filter Include="DBC">
      <UniqueIdentifier>{356cc0f8-d08c-4813-b315-e727a27352e3}</UniqueIdentifier>
    </Filter>
    <Filter Include="Files">
      <UniqueIdentifier>{e5bf550a-5a51-4482-87bc-533a4e241f7c}</UniqueIdentifier>
    </Filter>
    <Filter Include="Interfaces">
      <UniqueIdentifier>{fdee02f5-b0eb-43b0-9311-02e2c269f51e}</UniqueIdentifier>
    </Filter>
    <Filter Include="DBC\Tables">
      <UniqueIdentifier>{02c68f90-e38c-40df-9e4c-e4bc1d6c77a0}</UniqueIdentifier>
    </Filter>
    <Filter Include="DBC\Tables\Liquids">
      <UniqueIdentifier>{a3a1c880-ad22-4fab-b4d9-5dd0ff29a63a}</UniqueIdentifier>
    </Filter>
    <Filter Include="DBC\Tables\Light">
      <UniqueIdentifier>{3b182e7a-b205-49a9-854d-9007d8eb6570}</UniqueIdentifier>
    </Filter>
    <Filter Include="DBC\Tables\Item">
      <UniqueIdentifier>{8662afb5-bd38-431d-9f04-e07355286892}</UniqueIdentifier>
    </Filter>
    <Filter Include="DBC\Tables\Creature">
      <UniqueIdentifier>{4dd9a1bf-6415-4ef4-bf4c-4dfdff98bcf4}</UniqueIdentifier>
    </Filter>
    <Filter Include="DBC\Tables\Cinematic">
      <UniqueIdentifier>{c77f8906-b25b-4e39-aa6a-73bef47e2491}</UniqueIdentifier>
    </Filter>
    <Filter Include="DBC\Tables\Characters">
      <UniqueIdentifier>{73713019-53c5-4409-a5fc-c900c3f02fca}</UniqueIdentifier>
    </Filter>
    <Filter Include="DBC\Tables\Area">
      <UniqueIdentifier>{538a66a7-9a5e-4884-81d1-5cb55031ad1c}</UniqueIdentifier>
    </Filter>
    <Filter Include="Client">
      <UniqueIdentifier>{2071b069-f709-4af8-b58e-d1b39a444f6c}</UniqueIdentifier>
    </Filter>
    <Filter Include="Client\Cryptography">
      <UniqueIdentifier>{a153d6d5-0078-40e6-b38d-b39125d16a17}</UniqueIdentifier>
    </Filter>
    <Filter Include="Client\Auth">
      <UniqueIdentifier>{8968b529-dd6f-408d-930f-f2ac9fbceb4b}</UniqueIdentifier>
    </Filter>
    <Filter Include="Client\World">
      <UniqueIdentifier>{c6813846-4e1a-4355-9365-b1eedf62dc0e}</UniqueIdentifier>
    </Filter>
    <Filter Include="Client\Auth\Handlers">
      <UniqueIdentifier>{b3d4eb05-ef9b-437f-ab22-dbe80d43f375}</UniqueIdentifier>
    </Filter>
    <Filter Include="Client\World\Packets">
      <UniqueIdentifier>{facb61e4-aa5c-42b6-9019-234bcfdb5726}</UniqueIdentifier>
    </Filter>
    <Filter Include="Client\World\Templates">
      <UniqueIdentifier>{0a1158d6-10b2-481d-8954-3d112309f968}</UniqueIdentifier>
    </Filter>
    <Filter Include="Settings">
      <UniqueIdentifier>{55856cb7-3009-4fc6-a8a8-cdb3db98f332}</UniqueIdentifier>
    </Filter>
  </ItemGroup>
  <ItemGroup>
    <ClCompile Include="Liquid.cpp">
      <Filter>Liquid</Filter>
    </ClCompile>
    <ClCompile Include="LiquidInstance.cpp">
      <Filter>Liquid</Filter>
    </ClCompile>
    <ClCompile Include="stdafx.cpp">
      <Filter>Common</Filter>
    </ClCompile>
    <ClCompile Include="LiquidMaterial.cpp">
      <Filter>Liquid</Filter>
    </ClCompile>
    <ClCompile Include="LiquidLayer.cpp">
      <Filter>Liquid</Filter>
    </ClCompile>
    <ClCompile Include="WoWChunkReader.cpp">
      <Filter>Files</Filter>
    </ClCompile>
    <ClCompile Include="MPQFilesStorage.cpp">
      <Filter>Files</Filter>
    </ClCompile>
    <ClCompile Include="Client\ARC4.cpp">
      <Filter>Client\Cryptography</Filter>
    </ClCompile>
    <ClCompile Include="Client\AuthCrypt.cpp">
      <Filter>Client\Cryptography</Filter>
    </ClCompile>
    <ClCompile Include="Client\BigNumber.cpp">
      <Filter>Client\Cryptography</Filter>
    </ClCompile>
    <ClCompile Include="Client\HMACSHA1.cpp">
      <Filter>Client\Cryptography</Filter>
    </ClCompile>
    <ClCompile Include="Client\OpenSSLCrypto.cpp">
      <Filter>Client\Cryptography</Filter>
    </ClCompile>
    <ClCompile Include="Client\SHA1.cpp">
      <Filter>Client\Cryptography</Filter>
    </ClCompile>
    <ClCompile Include="Client\AuthSocket.cpp">
      <Filter>Client\Auth</Filter>
    </ClCompile>
    <ClCompile Include="Client\Templates\CharacterTemplate.cpp">
      <Filter>Client\World\Templates</Filter>
    </ClCompile>
    <ClCompile Include="Client\Templates\ItemTemplate.cpp">
      <Filter>Client\World\Templates</Filter>
    </ClCompile>
    <ClCompile Include="Client\ClientPacket.cpp">
      <Filter>Client\World\Packets</Filter>
    </ClCompile>
    <ClCompile Include="Client\ServerPacket.cpp">
      <Filter>Client\World\Packets</Filter>
    </ClCompile>
    <ClCompile Include="Client\WorldSocket.cpp">
      <Filter>Client\World</Filter>
    </ClCompile>
    <ClCompile Include="Client\Client.cpp">
      <Filter>Client</Filter>
    </ClCompile>
    <ClCompile Include="Client\RealmInfo.cpp">
      <Filter>Client</Filter>
    </ClCompile>
    <ClCompile Include="Settings\WoWSettingsGroup.cpp">
      <Filter>Settings</Filter>
    </ClCompile>
    <ClCompile Include="owGame.cpp">
      <Filter>Common</Filter>
    </ClCompile>
    <ClCompile Include="DBC\Core\DBC__Storage.cpp">
      <Filter>DBC</Filter>
    </ClCompile>
    <ClCompile Include="RenderPass_Liquid.cpp">
      <Filter>Liquid</Filter>
    </ClCompile>
  </ItemGroup>
  <ItemGroup>
    <ClInclude Include="Liquid.h">
      <Filter>Liquid</Filter>
    </ClInclude>
    <ClInclude Include="LiquidInstance.h">
      <Filter>Liquid</Filter>
    </ClInclude>
    <ClInclude Include="common.h">
      <Filter>Common</Filter>
    </ClInclude>
    <ClInclude Include="stdafx.h">
      <Filter>Common</Filter>
    </ClInclude>
    <ClInclude Include="..\shared\owGame.h">
      <Filter>Common</Filter>
    </ClInclude>
    <ClInclude Include="WowChunkUtils.h" />
    <ClInclude Include="WowConsts.h" />
    <ClInclude Include="WowTime.h" />
    <ClInclude Include="WowTypes.h" />
    <ClInclude Include="LiquidMaterial.h">
      <Filter>Liquid</Filter>
    </ClInclude>
    <ClInclude Include="LiquidLayer.h">
      <Filter>Liquid</Filter>
    </ClInclude>
    <ClInclude Include="DBC\DBC_AreaTable.h">
      <Filter>DBC\Tables\Area</Filter>
    </ClInclude>
    <ClInclude Include="DBC\DBC_CharacterFacialHairStyles.h">
      <Filter>DBC\Tables\Characters</Filter>
    </ClInclude>
    <ClInclude Include="DBC\DBC_CharComponentTextureLayouts.h">
      <Filter>DBC\Tables\Characters</Filter>
    </ClInclude>
    <ClInclude Include="DBC\DBC_CharComponentTextureSections.h">
      <Filter>DBC\Tables\Characters</Filter>
    </ClInclude>
    <ClInclude Include="DBC\DBC_CharHairGeosets.h">
      <Filter>DBC\Tables\Characters</Filter>
    </ClInclude>
    <ClInclude Include="DBC\DBC_CharSections.h">
      <Filter>DBC\Tables\Characters</Filter>
    </ClInclude>
    <ClInclude Include="DBC\DBC_ChrRaces.h">
      <Filter>DBC\Tables\Characters</Filter>
    </ClInclude>
    <ClInclude Include="DBC\DBC_CinematicCamera.h">
      <Filter>DBC\Tables\Cinematic</Filter>
    </ClInclude>
    <ClInclude Include="DBC\DBC_CinematicSequences.h">
      <Filter>DBC\Tables\Cinematic</Filter>
    </ClInclude>
    <ClInclude Include="DBC\DBC_CreatureDisplayInfo.h">
      <Filter>DBC\Tables\Creature</Filter>
    </ClInclude>
    <ClInclude Include="DBC\DBC_CreatureDisplayInfoExtra.h">
      <Filter>DBC\Tables\Creature</Filter>
    </ClInclude>
    <ClInclude Include="DBC\DBC_CreatureModelData.h">
      <Filter>DBC\Tables\Creature</Filter>
    </ClInclude>
    <ClInclude Include="DBC\DBC_HelmetGeosetVisData.h">
      <Filter>DBC\Tables\Item</Filter>
    </ClInclude>
    <ClInclude Include="DBC\DBC_ItemBagFamily.h">
      <Filter>DBC\Tables\Item</Filter>
    </ClInclude>
    <ClInclude Include="DBC\DBC_ItemClass.h">
      <Filter>DBC\Tables\Item</Filter>
    </ClInclude>
    <ClInclude Include="DBC\DBC_ItemDisplayInfo.h">
      <Filter>DBC\Tables\Item</Filter>
    </ClInclude>
    <ClInclude Include="DBC\DBC_ItemVisualEffects.h">
      <Filter>DBC\Tables\Item</Filter>
    </ClInclude>
    <ClInclude Include="DBC\DBC_ItemVisuals.h">
      <Filter>DBC\Tables\Item</Filter>
    </ClInclude>
    <ClInclude Include="DBC\DBC_Light.h">
      <Filter>DBC\Tables\Light</Filter>
    </ClInclude>
    <ClInclude Include="DBC\DBC_LightFloatBand.h">
      <Filter>DBC\Tables\Light</Filter>
    </ClInclude>
    <ClInclude Include="DBC\DBC_LightIntBand.h">
      <Filter>DBC\Tables\Light</Filter>
    </ClInclude>
    <ClInclude Include="DBC\DBC_LightParams.h">
      <Filter>DBC\Tables\Light</Filter>
    </ClInclude>
    <ClInclude Include="DBC\DBC_LightSkyBox.h">
      <Filter>DBC\Tables\Light</Filter>
    </ClInclude>
    <ClInclude Include="DBC\DBC_LiquidType.h">
      <Filter>DBC\Tables\Liquids</Filter>
    </ClInclude>
    <ClInclude Include="WoWChunkReader.h">
      <Filter>Files</Filter>
    </ClInclude>
    <ClInclude Include="MPQFilesStorage.h">
      <Filter>Files</Filter>
    </ClInclude>
    <ClInclude Include="DBC\DBC_WorldSafeLocs.h">
      <Filter>DBC\Tables</Filter>
    </ClInclude>
    <ClInclude Include="DBC\DBC_AnimationData.h">
      <Filter>DBC\Tables</Filter>
    </ClInclude>
    <ClInclude Include="DBC\DBC_LoadingScreen.h">
      <Filter>DBC\Tables</Filter>
    </ClInclude>
    <ClInclude Include="DBC\DBC_Map.h">
      <Filter>DBC\Tables</Filter>
    </ClInclude>
    <ClInclude Include="DBC\DBC_Material.h">
      <Filter>DBC\Tables</Filter>
    </ClInclude>
    <ClInclude Include="DBC\DBC_TerrainType.h">
      <Filter>DBC\Tables</Filter>
    </ClInclude>
    <ClInclude Include="DBC\DBC_WMOAreaTable.h">
      <Filter>DBC\Tables</Filter>
    </ClInclude>
    <ClInclude Include="DBC\Core\DBC__File.h">
      <Filter>DBC</Filter>
    </ClInclude>
    <ClInclude Include="DBC\DBC_Item_WotLK.h">
      <Filter>DBC\Tables\Item</Filter>
    </ClInclude>
    <ClInclude Include="DBC\DBC_Map_WotLK.h">
      <Filter>DBC\Tables</Filter>
    </ClInclude>
    <ClInclude Include="Client\ARC4.h">
      <Filter>Client\Cryptography</Filter>
    </ClInclude>
    <ClInclude Include="Client\AuthCrypt.h">
      <Filter>Client\Cryptography</Filter>
    </ClInclude>
    <ClInclude Include="Client\BigNumber.h">
      <Filter>Client\Cryptography</Filter>
    </ClInclude>
    <ClInclude Include="Client\HMACSHA1.h">
      <Filter>Client\Cryptography</Filter>
    </ClInclude>
    <ClInclude Include="Client\OpenSSLCrypto.h">
      <Filter>Client\Cryptography</Filter>
    </ClInclude>
    <ClInclude Include="Client\SHA1.h">
      <Filter>Client\Cryptography</Filter>
    </ClInclude>
    <ClInclude Include="Client\AuthChallenge_C.h">
      <Filter>Client\Auth\Handlers</Filter>
    </ClInclude>
    <ClInclude Include="Client\AuthProof_C.h">
      <Filter>Client\Auth\Handlers</Filter>
    </ClInclude>
    <ClInclude Include="Client\AuthCodes.h">
      <Filter>Client\Auth</Filter>
    </ClInclude>
    <ClInclude Include="Client\AuthSocket.h">
      <Filter>Client\Auth</Filter>
    </ClInclude>
    <ClInclude Include="Client\Templates\CharacterEnums.h">
      <Filter>Client\World\Templates</Filter>
    </ClInclude>
    <ClInclude Include="Client\Templates\CharacterTemplate.h">
      <Filter>Client\World\Templates</Filter>
    </ClInclude>
    <ClInclude Include="Client\Templates\ItemTemplate.h">
      <Filter>Client\World\Templates</Filter>
    </ClInclude>
    <ClInclude Include="Client\Templates\Player_Enums.h">
      <Filter>Client\World\Templates</Filter>
    </ClInclude>
    <ClInclude Include="Client\ClientPacket.h">
      <Filter>Client\World\Packets</Filter>
    </ClInclude>
    <ClInclude Include="Client\Opcodes.h">
      <Filter>Client\World\Packets</Filter>
    </ClInclude>
    <ClInclude Include="Client\OpcodesNames.h">
      <Filter>Client\World\Packets</Filter>
    </ClInclude>
    <ClInclude Include="Client\ServerPacket.h">
      <Filter>Client\World\Packets</Filter>
    </ClInclude>
    <ClInclude Include="Client\WorldSocket.h">
      <Filter>Client\World</Filter>
    </ClInclude>
    <ClInclude Include="Client\Client.h">
      <Filter>Client</Filter>
    </ClInclude>
    <ClInclude Include="Client\RealmInfo.h">
      <Filter>Client</Filter>
    </ClInclude>
    <ClInclude Include="Settings\WoWSettingsGroup.h">
      <Filter>Settings</Filter>
    </ClInclude>
    <ClInclude Include="Interfaces\Managers.h">
      <Filter>Interfaces</Filter>
    </ClInclude>
    <ClInclude Include="Interfaces\SkyManager.h">
      <Filter>Interfaces</Filter>
    </ClInclude>
    <ClInclude Include="Interfaces\ILiquid.h">
      <Filter>Interfaces</Filter>
    </ClInclude>
    <ClInclude Include="DBC\Core\DBC__Forwards.h">
      <Filter>DBC</Filter>
    </ClInclude>
    <ClInclude Include="DBC\Core\DBC__Storage.h">
      <Filter>DBC</Filter>
    </ClInclude>
    <ClInclude Include="RenderPass_Liquid.h">
      <Filter>Liquid</Filter>
    </ClInclude>
  </ItemGroup>
  <ItemGroup>
    <None Include="WoWChunkReader.inl">
      <Filter>Files</Filter>
    </None>
    <None Include="DBC\Core\DBC__File.inl">
      <Filter>DBC</Filter>
    </None>
  </ItemGroup>
</Project>