<?xml version="1.0" encoding="utf-8"?>
<Project ToolsVersion="4.0" xmlns="http://schemas.microsoft.com/developer/msbuild/2003">
  <ItemGroup>
    <Filter Include="Liquid">
      <UniqueIdentifier>{6f7eba9b-6a7f-4263-83fd-d00c9258fd96}</UniqueIdentifier>
    </Filter>
    <Filter Include="Common">
      <UniqueIdentifier>{d0033b79-fd0f-4221-80fa-9a9bedd64d33}</UniqueIdentifier>
    </Filter>
    <Filter Include="DBC">
      <UniqueIdentifier>{356cc0f8-d08c-4813-b315-e727a27352e3}</UniqueIdentifier>
    </Filter>
    <Filter Include="Interfaces">
      <UniqueIdentifier>{fdee02f5-b0eb-43b0-9311-02e2c269f51e}</UniqueIdentifier>
    </Filter>
    <Filter Include="DBC\Tables">
      <UniqueIdentifier>{02c68f90-e38c-40df-9e4c-e4bc1d6c77a0}</UniqueIdentifier>
    </Filter>
    <Filter Include="DBC\Tables\Liquids">
      <UniqueIdentifier>{a3a1c880-ad22-4fab-b4d9-5dd0ff29a63a}</UniqueIdentifier>
    </Filter>
    <Filter Include="DBC\Tables\Light">
      <UniqueIdentifier>{3b182e7a-b205-49a9-854d-9007d8eb6570}</UniqueIdentifier>
    </Filter>
    <Filter Include="DBC\Tables\Item">
      <UniqueIdentifier>{8662afb5-bd38-431d-9f04-e07355286892}</UniqueIdentifier>
    </Filter>
    <Filter Include="DBC\Tables\Creature">
      <UniqueIdentifier>{4dd9a1bf-6415-4ef4-bf4c-4dfdff98bcf4}</UniqueIdentifier>
    </Filter>
    <Filter Include="DBC\Tables\Cinematic">
      <UniqueIdentifier>{c77f8906-b25b-4e39-aa6a-73bef47e2491}</UniqueIdentifier>
    </Filter>
    <Filter Include="DBC\Tables\Characters">
      <UniqueIdentifier>{73713019-53c5-4409-a5fc-c900c3f02fca}</UniqueIdentifier>
    </Filter>
    <Filter Include="DBC\Tables\Area">
      <UniqueIdentifier>{538a66a7-9a5e-4884-81d1-5cb55031ad1c}</UniqueIdentifier>
    </Filter>
    <Filter Include="Client">
      <UniqueIdentifier>{2071b069-f709-4af8-b58e-d1b39a444f6c}</UniqueIdentifier>
    </Filter>
    <Filter Include="Client\Cryptography">
      <UniqueIdentifier>{a153d6d5-0078-40e6-b38d-b39125d16a17}</UniqueIdentifier>
    </Filter>
    <Filter Include="Client\Auth">
      <UniqueIdentifier>{8968b529-dd6f-408d-930f-f2ac9fbceb4b}</UniqueIdentifier>
    </Filter>
    <Filter Include="Client\World">
      <UniqueIdentifier>{c6813846-4e1a-4355-9365-b1eedf62dc0e}</UniqueIdentifier>
    </Filter>
    <Filter Include="Client\Auth\Handlers">
      <UniqueIdentifier>{b3d4eb05-ef9b-437f-ab22-dbe80d43f375}</UniqueIdentifier>
    </Filter>
    <Filter Include="Client\World\Packets">
      <UniqueIdentifier>{facb61e4-aa5c-42b6-9019-234bcfdb5726}</UniqueIdentifier>
    </Filter>
    <Filter Include="Client\World\Templates">
      <UniqueIdentifier>{0a1158d6-10b2-481d-8954-3d112309f968}</UniqueIdentifier>
    </Filter>
    <Filter Include="Settings">
      <UniqueIdentifier>{55856cb7-3009-4fc6-a8a8-cdb3db98f332}</UniqueIdentifier>
    </Filter>
    <Filter Include="M2">
      <UniqueIdentifier>{7bc7386a-273c-4b2d-ab6c-b6e6249d84b1}</UniqueIdentifier>
    </Filter>
    <Filter Include="M2\Animations">
      <UniqueIdentifier>{24d1f815-62cb-4320-a2ff-bc9199660f64}</UniqueIdentifier>
    </Filter>
    <Filter Include="M2\Builders">
      <UniqueIdentifier>{8f778e25-97a4-4250-8fca-f24fadc1a135}</UniqueIdentifier>
    </Filter>
    <Filter Include="M2\Components">
      <UniqueIdentifier>{be8a504b-1117-41b6-b326-81b305908037}</UniqueIdentifier>
    </Filter>
    <Filter Include="M2\Components\Parts_Materials">
      <UniqueIdentifier>{347f13e4-55e1-4604-86d8-2d0b391916d2}</UniqueIdentifier>
    </Filter>
    <Filter Include="M2\Components\Parts_Miscellaneous">
      <UniqueIdentifier>{0ab4b05e-5a14-468f-b9b1-475f39c6f2c6}</UniqueIdentifier>
    </Filter>
    <Filter Include="M2\Components\Parts_Skeleton">
      <UniqueIdentifier>{0bfa29b5-d676-4e47-a3b2-0c3dbaaa6e25}</UniqueIdentifier>
    </Filter>
    <Filter Include="RenderStuff">
      <UniqueIdentifier>{1e13051f-c332-4b25-bbab-9946eb8efde1}</UniqueIdentifier>
    </Filter>
    <Filter Include="M2\SceneNode &amp; Components">
      <UniqueIdentifier>{be155204-7f8e-47b8-bbe5-297cc583c228}</UniqueIdentifier>
    </Filter>
    <Filter Include="M2\Skins">
      <UniqueIdentifier>{eaa7b9b7-5402-4eff-81e6-638a3975d10d}</UniqueIdentifier>
    </Filter>
    <Filter Include="M2\Types">
      <UniqueIdentifier>{2a17f9c0-30ce-4993-8f2c-3eb19951df3f}</UniqueIdentifier>
    </Filter>
    <Filter Include="M2\Components\Parts_Miscellaneous\Particles">
      <UniqueIdentifier>{f2e5601a-12b9-4f08-bd03-b1e8430bb1d0}</UniqueIdentifier>
    </Filter>
    <Filter Include="M2\Components\Parts_Miscellaneous\Ribbons">
      <UniqueIdentifier>{c3e88f44-ee8b-4d54-8c2c-ead2d8e3015b}</UniqueIdentifier>
    </Filter>
    <Filter Include="WMO">
      <UniqueIdentifier>{36110eac-fc5e-4ed0-bd41-d4e8f785e38e}</UniqueIdentifier>
    </Filter>
    <Filter Include="WMO\Groups">
      <UniqueIdentifier>{ad9f5633-aa5a-440c-aa61-9ff70c373b4c}</UniqueIdentifier>
    </Filter>
    <Filter Include="WMO\Instances">
      <UniqueIdentifier>{02a929ef-a62b-4119-831e-a5cbc5f2e021}</UniqueIdentifier>
    </Filter>
    <Filter Include="WMO\Parts">
      <UniqueIdentifier>{7f7bb52b-8998-4243-a061-21f8d98111c3}</UniqueIdentifier>
    </Filter>
    <Filter Include="WoW Specific">
      <UniqueIdentifier>{e5bf550a-5a51-4482-87bc-533a4e241f7c}</UniqueIdentifier>
    </Filter>
    <Filter Include="Formats">
      <UniqueIdentifier>{da43f205-a364-4a50-8561-0abb24dabc5d}</UniqueIdentifier>
    </Filter>
    <Filter Include="Formats\libmpq">
      <UniqueIdentifier>{14e1aaa0-6678-4ad5-bb31-9baf87369fa6}</UniqueIdentifier>
    </Filter>
    <Filter Include="Sky">
      <UniqueIdentifier>{11ff9745-551e-4ffc-8a44-4649dcd10a25}</UniqueIdentifier>
    </Filter>
    <Filter Include="Sky\Environment">
      <UniqueIdentifier>{36ffc6b8-487b-428d-8202-edfaf3cd1128}</UniqueIdentifier>
    </Filter>
  </ItemGroup>
  <ItemGroup>
    <ClCompile Include="stdafx.cpp">
      <Filter>Common</Filter>
    </ClCompile>
    <ClCompile Include="Client\ARC4.cpp">
      <Filter>Client\Cryptography</Filter>
    </ClCompile>
    <ClCompile Include="Client\AuthCrypt.cpp">
      <Filter>Client\Cryptography</Filter>
    </ClCompile>
    <ClCompile Include="Client\BigNumber.cpp">
      <Filter>Client\Cryptography</Filter>
    </ClCompile>
    <ClCompile Include="Client\HMACSHA1.cpp">
      <Filter>Client\Cryptography</Filter>
    </ClCompile>
    <ClCompile Include="Client\OpenSSLCrypto.cpp">
      <Filter>Client\Cryptography</Filter>
    </ClCompile>
    <ClCompile Include="Client\SHA1.cpp">
      <Filter>Client\Cryptography</Filter>
    </ClCompile>
    <ClCompile Include="Client\AuthSocket.cpp">
      <Filter>Client\Auth</Filter>
    </ClCompile>
    <ClCompile Include="Client\Templates\CharacterTemplate.cpp">
      <Filter>Client\World\Templates</Filter>
    </ClCompile>
    <ClCompile Include="Client\Templates\ItemTemplate.cpp">
      <Filter>Client\World\Templates</Filter>
    </ClCompile>
    <ClCompile Include="Client\ClientPacket.cpp">
      <Filter>Client\World\Packets</Filter>
    </ClCompile>
    <ClCompile Include="Client\ServerPacket.cpp">
      <Filter>Client\World\Packets</Filter>
    </ClCompile>
    <ClCompile Include="Client\WorldSocket.cpp">
      <Filter>Client\World</Filter>
    </ClCompile>
    <ClCompile Include="Client\Client.cpp">
      <Filter>Client</Filter>
    </ClCompile>
    <ClCompile Include="Client\RealmInfo.cpp">
      <Filter>Client</Filter>
    </ClCompile>
    <ClCompile Include="Settings\WoWSettingsGroup.cpp">
      <Filter>Settings</Filter>
    </ClCompile>
    <ClCompile Include="owGame.cpp">
      <Filter>Common</Filter>
    </ClCompile>
    <ClCompile Include="DBC\Core\DBC__Storage.cpp">
      <Filter>DBC</Filter>
    </ClCompile>
    <ClCompile Include="M2\M2.cpp">
      <Filter>M2</Filter>
    </ClCompile>
    <ClCompile Include="M2\M2_Manager.cpp">
      <Filter>M2</Filter>
    </ClCompile>
    <ClCompile Include="M2\ShaderResolver.cpp">
      <Filter>M2</Filter>
    </ClCompile>
    <ClCompile Include="M2\M2_Material.cpp">
      <Filter>M2\Skins</Filter>
    </ClCompile>
    <ClCompile Include="M2\M2_Skin.cpp">
      <Filter>M2\Skins</Filter>
    </ClCompile>
    <ClCompile Include="M2\M2_Skin_Batch.cpp">
      <Filter>M2\Skins</Filter>
    </ClCompile>
    <ClCompile Include="M2\M2_SkinSection.cpp">
      <Filter>M2\Skins</Filter>
    </ClCompile>
    <ClCompile Include="M2\M2_Base_Instance.cpp">
      <Filter>M2\SceneNode &amp; Components</Filter>
    </ClCompile>
    <ClCompile Include="M2\M2_ColliderComponent.cpp">
      <Filter>M2\SceneNode &amp; Components</Filter>
    </ClCompile>
    <ClCompile Include="M2\M2_Builder.cpp">
      <Filter>M2\Builders</Filter>
    </ClCompile>
    <ClCompile Include="M2\M2_Skin_Builder.cpp">
      <Filter>M2\Builders</Filter>
    </ClCompile>
    <ClCompile Include="M2\M2_Comp_Materials.cpp">
      <Filter>M2\Components</Filter>
    </ClCompile>
    <ClCompile Include="M2\M2_Comp_Miscellaneous.cpp">
      <Filter>M2\Components</Filter>
    </ClCompile>
    <ClCompile Include="M2\M2_Comp_Skeleton.cpp">
      <Filter>M2\Components</Filter>
    </ClCompile>
    <ClCompile Include="M2\M2_Part_Color.cpp">
      <Filter>M2\Components\Parts_Materials</Filter>
    </ClCompile>
    <ClCompile Include="M2\M2_Part_Material.cpp">
      <Filter>M2\Components\Parts_Materials</Filter>
    </ClCompile>
    <ClCompile Include="M2\M2_Part_Texture.cpp">
      <Filter>M2\Components\Parts_Materials</Filter>
    </ClCompile>
    <ClCompile Include="M2\M2_Part_TextureTransform.cpp">
      <Filter>M2\Components\Parts_Materials</Filter>
    </ClCompile>
    <ClCompile Include="M2\M2_Part_TextureWeight.cpp">
      <Filter>M2\Components\Parts_Materials</Filter>
    </ClCompile>
    <ClCompile Include="M2\M2_Part_Attachment.cpp">
      <Filter>M2\Components\Parts_Miscellaneous</Filter>
    </ClCompile>
    <ClCompile Include="M2\M2_Part_Camera.cpp">
      <Filter>M2\Components\Parts_Miscellaneous</Filter>
    </ClCompile>
    <ClCompile Include="M2\M2_Part_Event.cpp">
      <Filter>M2\Components\Parts_Miscellaneous</Filter>
    </ClCompile>
    <ClCompile Include="M2\M2_Part_Light.cpp">
      <Filter>M2\Components\Parts_Miscellaneous</Filter>
    </ClCompile>
    <ClCompile Include="M2\M2_Part_Bone.cpp">
      <Filter>M2\Components\Parts_Skeleton</Filter>
    </ClCompile>
    <ClCompile Include="M2\M2_Animation.cpp">
      <Filter>M2\Animations</Filter>
    </ClCompile>
    <ClCompile Include="M2\M2_Animator.cpp">
      <Filter>M2\Animations</Filter>
    </ClCompile>
    <ClCompile Include="M2\ParticleEmitter_Plane.cpp">
      <Filter>M2\Components\Parts_Miscellaneous\Particles</Filter>
    </ClCompile>
    <ClCompile Include="M2\ParticleEmitter_Sphere.cpp">
      <Filter>M2\Components\Parts_Miscellaneous\Particles</Filter>
    </ClCompile>
    <ClCompile Include="M2\ParticleEmitters.cpp">
      <Filter>M2\Components\Parts_Miscellaneous\Particles</Filter>
    </ClCompile>
    <ClCompile Include="M2\ParticleSystem.cpp">
      <Filter>M2\Components\Parts_Miscellaneous\Particles</Filter>
    </ClCompile>
    <ClCompile Include="M2\M2_RibbonEmitters.cpp">
      <Filter>M2\Components\Parts_Miscellaneous\Ribbons</Filter>
    </ClCompile>
    <ClCompile Include="WMO\WMO.cpp">
      <Filter>WMO</Filter>
    </ClCompile>
    <ClCompile Include="WMO\WMO_PortalsController.cpp">
      <Filter>WMO</Filter>
    </ClCompile>
    <ClCompile Include="WMO\WMOsManager.cpp">
      <Filter>WMO</Filter>
    </ClCompile>
    <ClCompile Include="WMO\WMO_Group.cpp">
      <Filter>WMO\Groups</Filter>
    </ClCompile>
    <ClCompile Include="WMO\WMO_Group_Instance.cpp">
      <Filter>WMO\Groups</Filter>
    </ClCompile>
    <ClCompile Include="WMO\WMO_Group_Part_Batch.cpp">
      <Filter>WMO\Groups</Filter>
    </ClCompile>
    <ClCompile Include="WMO\WMO_Group_Part_BSP_Node.cpp">
      <Filter>WMO\Groups</Filter>
    </ClCompile>
    <ClCompile Include="WMO\WMO_Base_Instance.cpp">
      <Filter>WMO\Instances</Filter>
    </ClCompile>
    <ClCompile Include="WMO\WMO_Doodad_Instance.cpp">
      <Filter>WMO\Instances</Filter>
    </ClCompile>
    <ClCompile Include="WMO\WMO_Liquid_Instance.cpp">
      <Filter>WMO\Instances</Filter>
    </ClCompile>
    <ClCompile Include="WMO\WMO_Part_Fog.cpp">
      <Filter>WMO\Parts</Filter>
    </ClCompile>
    <ClCompile Include="WMO\WMO_Part_Light.cpp">
      <Filter>WMO\Parts</Filter>
    </ClCompile>
    <ClCompile Include="WMO\WMO_Part_Material.cpp">
      <Filter>WMO\Parts</Filter>
    </ClCompile>
    <ClCompile Include="WMO\WMO_Part_Portal.cpp">
      <Filter>WMO\Parts</Filter>
    </ClCompile>
    <ClCompile Include="M2\RenderPass_M2.cpp">
      <Filter>RenderStuff</Filter>
    </ClCompile>
    <ClCompile Include="WMO\RenderPass_WMO.cpp">
      <Filter>RenderStuff</Filter>
    </ClCompile>
    <ClCompile Include="WoWChunkReader.cpp">
      <Filter>WoW Specific</Filter>
    </ClCompile>
    <ClCompile Include="WMO\WMO_Liquid.cpp">
      <Filter>WMO\Parts</Filter>
    </ClCompile>
    <ClCompile Include="Formats\ImageBLP.cpp">
      <Filter>Formats</Filter>
    </ClCompile>
    <ClCompile Include="Formats\MPQFilesStorage.cpp">
      <Filter>Formats</Filter>
    </ClCompile>
    <ClCompile Include="..\Externals\libmpq\libmpq\common.c">
      <Filter>Formats\libmpq</Filter>
    </ClCompile>
    <ClCompile Include="..\Externals\libmpq\libmpq\explode.c">
      <Filter>Formats\libmpq</Filter>
    </ClCompile>
    <ClCompile Include="..\Externals\libmpq\libmpq\extract.c">
      <Filter>Formats\libmpq</Filter>
    </ClCompile>
    <ClCompile Include="..\Externals\libmpq\libmpq\huffman.c">
      <Filter>Formats\libmpq</Filter>
    </ClCompile>
    <ClCompile Include="..\Externals\libmpq\libmpq\mpq.c">
      <Filter>Formats\libmpq</Filter>
    </ClCompile>
    <ClCompile Include="..\Externals\libmpq\libmpq\wave.c">
      <Filter>Formats\libmpq</Filter>
    </ClCompile>
    <ClCompile Include="Liquid\Liquid.cpp">
      <Filter>Liquid</Filter>
    </ClCompile>
    <ClCompile Include="Liquid\LiquidInstance.cpp">
      <Filter>Liquid</Filter>
    </ClCompile>
    <ClCompile Include="Liquid\LiquidLayer.cpp">
      <Filter>Liquid</Filter>
    </ClCompile>
    <ClCompile Include="Liquid\LiquidMaterial.cpp">
      <Filter>Liquid</Filter>
    </ClCompile>
    <ClCompile Include="Sky\Sky.cpp">
      <Filter>Sky</Filter>
    </ClCompile>
    <ClCompile Include="Sky\Sky_Material.cpp">
      <Filter>Sky</Filter>
    </ClCompile>
    <ClCompile Include="Sky\SkyManager.cpp">
      <Filter>Sky</Filter>
    </ClCompile>
    <ClCompile Include="Sky\SkyParams.cpp">
      <Filter>Sky</Filter>
    </ClCompile>
    <ClCompile Include="Sky\RenderPass_Sky.cpp">
      <Filter>RenderStuff</Filter>
    </ClCompile>
    <ClCompile Include="Liquid\RenderPass_Liquid.cpp">
      <Filter>RenderStuff</Filter>
    </ClCompile>
  </ItemGroup>
  <ItemGroup>
    <ClInclude Include="common.h">
      <Filter>Common</Filter>
    </ClInclude>
    <ClInclude Include="stdafx.h">
      <Filter>Common</Filter>
    </ClInclude>
    <ClInclude Include="..\shared\owGame.h">
      <Filter>Common</Filter>
    </ClInclude>
    <ClInclude Include="DBC\DBC_AreaTable.h">
      <Filter>DBC\Tables\Area</Filter>
    </ClInclude>
    <ClInclude Include="DBC\DBC_CharacterFacialHairStyles.h">
      <Filter>DBC\Tables\Characters</Filter>
    </ClInclude>
    <ClInclude Include="DBC\DBC_CharComponentTextureLayouts.h">
      <Filter>DBC\Tables\Characters</Filter>
    </ClInclude>
    <ClInclude Include="DBC\DBC_CharComponentTextureSections.h">
      <Filter>DBC\Tables\Characters</Filter>
    </ClInclude>
    <ClInclude Include="DBC\DBC_CharHairGeosets.h">
      <Filter>DBC\Tables\Characters</Filter>
    </ClInclude>
    <ClInclude Include="DBC\DBC_CharSections.h">
      <Filter>DBC\Tables\Characters</Filter>
    </ClInclude>
    <ClInclude Include="DBC\DBC_ChrRaces.h">
      <Filter>DBC\Tables\Characters</Filter>
    </ClInclude>
    <ClInclude Include="DBC\DBC_CinematicCamera.h">
      <Filter>DBC\Tables\Cinematic</Filter>
    </ClInclude>
    <ClInclude Include="DBC\DBC_CinematicSequences.h">
      <Filter>DBC\Tables\Cinematic</Filter>
    </ClInclude>
    <ClInclude Include="DBC\DBC_CreatureDisplayInfo.h">
      <Filter>DBC\Tables\Creature</Filter>
    </ClInclude>
    <ClInclude Include="DBC\DBC_CreatureDisplayInfoExtra.h">
      <Filter>DBC\Tables\Creature</Filter>
    </ClInclude>
    <ClInclude Include="DBC\DBC_CreatureModelData.h">
      <Filter>DBC\Tables\Creature</Filter>
    </ClInclude>
    <ClInclude Include="DBC\DBC_HelmetGeosetVisData.h">
      <Filter>DBC\Tables\Item</Filter>
    </ClInclude>
    <ClInclude Include="DBC\DBC_ItemBagFamily.h">
      <Filter>DBC\Tables\Item</Filter>
    </ClInclude>
    <ClInclude Include="DBC\DBC_ItemClass.h">
      <Filter>DBC\Tables\Item</Filter>
    </ClInclude>
    <ClInclude Include="DBC\DBC_ItemDisplayInfo.h">
      <Filter>DBC\Tables\Item</Filter>
    </ClInclude>
    <ClInclude Include="DBC\DBC_ItemVisualEffects.h">
      <Filter>DBC\Tables\Item</Filter>
    </ClInclude>
    <ClInclude Include="DBC\DBC_ItemVisuals.h">
      <Filter>DBC\Tables\Item</Filter>
    </ClInclude>
    <ClInclude Include="DBC\DBC_Light.h">
      <Filter>DBC\Tables\Light</Filter>
    </ClInclude>
    <ClInclude Include="DBC\DBC_LightFloatBand.h">
      <Filter>DBC\Tables\Light</Filter>
    </ClInclude>
    <ClInclude Include="DBC\DBC_LightIntBand.h">
      <Filter>DBC\Tables\Light</Filter>
    </ClInclude>
    <ClInclude Include="DBC\DBC_LightParams.h">
      <Filter>DBC\Tables\Light</Filter>
    </ClInclude>
    <ClInclude Include="DBC\DBC_LightSkyBox.h">
      <Filter>DBC\Tables\Light</Filter>
    </ClInclude>
    <ClInclude Include="DBC\DBC_LiquidType.h">
      <Filter>DBC\Tables\Liquids</Filter>
    </ClInclude>
    <ClInclude Include="DBC\DBC_WorldSafeLocs.h">
      <Filter>DBC\Tables</Filter>
    </ClInclude>
    <ClInclude Include="DBC\DBC_AnimationData.h">
      <Filter>DBC\Tables</Filter>
    </ClInclude>
    <ClInclude Include="DBC\DBC_LoadingScreen.h">
      <Filter>DBC\Tables</Filter>
    </ClInclude>
    <ClInclude Include="DBC\DBC_Map.h">
      <Filter>DBC\Tables</Filter>
    </ClInclude>
    <ClInclude Include="DBC\DBC_Material.h">
      <Filter>DBC\Tables</Filter>
    </ClInclude>
    <ClInclude Include="DBC\DBC_TerrainType.h">
      <Filter>DBC\Tables</Filter>
    </ClInclude>
    <ClInclude Include="DBC\DBC_WMOAreaTable.h">
      <Filter>DBC\Tables</Filter>
    </ClInclude>
    <ClInclude Include="DBC\Core\DBC__File.h">
      <Filter>DBC</Filter>
    </ClInclude>
    <ClInclude Include="DBC\DBC_Item_WotLK.h">
      <Filter>DBC\Tables\Item</Filter>
    </ClInclude>
    <ClInclude Include="DBC\DBC_Map_WotLK.h">
      <Filter>DBC\Tables</Filter>
    </ClInclude>
    <ClInclude Include="Client\ARC4.h">
      <Filter>Client\Cryptography</Filter>
    </ClInclude>
    <ClInclude Include="Client\AuthCrypt.h">
      <Filter>Client\Cryptography</Filter>
    </ClInclude>
    <ClInclude Include="Client\BigNumber.h">
      <Filter>Client\Cryptography</Filter>
    </ClInclude>
    <ClInclude Include="Client\HMACSHA1.h">
      <Filter>Client\Cryptography</Filter>
    </ClInclude>
    <ClInclude Include="Client\OpenSSLCrypto.h">
      <Filter>Client\Cryptography</Filter>
    </ClInclude>
    <ClInclude Include="Client\SHA1.h">
      <Filter>Client\Cryptography</Filter>
    </ClInclude>
    <ClInclude Include="Client\AuthChallenge_C.h">
      <Filter>Client\Auth\Handlers</Filter>
    </ClInclude>
    <ClInclude Include="Client\AuthProof_C.h">
      <Filter>Client\Auth\Handlers</Filter>
    </ClInclude>
    <ClInclude Include="Client\AuthCodes.h">
      <Filter>Client\Auth</Filter>
    </ClInclude>
    <ClInclude Include="Client\AuthSocket.h">
      <Filter>Client\Auth</Filter>
    </ClInclude>
    <ClInclude Include="Client\Templates\CharacterEnums.h">
      <Filter>Client\World\Templates</Filter>
    </ClInclude>
    <ClInclude Include="Client\Templates\CharacterTemplate.h">
      <Filter>Client\World\Templates</Filter>
    </ClInclude>
    <ClInclude Include="Client\Templates\ItemTemplate.h">
      <Filter>Client\World\Templates</Filter>
    </ClInclude>
    <ClInclude Include="Client\Templates\Player_Enums.h">
      <Filter>Client\World\Templates</Filter>
    </ClInclude>
    <ClInclude Include="Client\ClientPacket.h">
      <Filter>Client\World\Packets</Filter>
    </ClInclude>
    <ClInclude Include="Client\Opcodes.h">
      <Filter>Client\World\Packets</Filter>
    </ClInclude>
    <ClInclude Include="Client\OpcodesNames.h">
      <Filter>Client\World\Packets</Filter>
    </ClInclude>
    <ClInclude Include="Client\ServerPacket.h">
      <Filter>Client\World\Packets</Filter>
    </ClInclude>
    <ClInclude Include="Client\WorldSocket.h">
      <Filter>Client\World</Filter>
    </ClInclude>
    <ClInclude Include="Client\Client.h">
      <Filter>Client</Filter>
    </ClInclude>
    <ClInclude Include="Client\RealmInfo.h">
      <Filter>Client</Filter>
    </ClInclude>
    <ClInclude Include="Settings\WoWSettingsGroup.h">
      <Filter>Settings</Filter>
    </ClInclude>
    <ClInclude Include="Interfaces\Managers.h">
      <Filter>Interfaces</Filter>
    </ClInclude>
    <ClInclude Include="Interfaces\SkyManager.h">
      <Filter>Interfaces</Filter>
    </ClInclude>
    <ClInclude Include="Interfaces\ILiquid.h">
      <Filter>Interfaces</Filter>
    </ClInclude>
    <ClInclude Include="DBC\Core\DBC__Forwards.h">
      <Filter>DBC</Filter>
    </ClInclude>
    <ClInclude Include="DBC\Core\DBC__Storage.h">
      <Filter>DBC</Filter>
    </ClInclude>
    <ClInclude Include="M2\M2.h">
      <Filter>M2</Filter>
    </ClInclude>
    <ClInclude Include="M2\M2_Manager.h">
      <Filter>M2</Filter>
    </ClInclude>
    <ClInclude Include="M2\ShaderResolver.h">
      <Filter>M2</Filter>
    </ClInclude>
    <ClInclude Include="M2\M2_Animated.h">
      <Filter>M2\Types</Filter>
    </ClInclude>
    <ClInclude Include="M2\M2_AnimatedConverters.h">
      <Filter>M2\Types</Filter>
    </ClInclude>
    <ClInclude Include="M2\M2_CommonTypes.h">
      <Filter>M2\Types</Filter>
    </ClInclude>
    <ClInclude Include="M2\M2_Headers.h">
      <Filter>M2\Types</Filter>
    </ClInclude>
    <ClInclude Include="M2\M2_ParticlesTypes.h">
      <Filter>M2\Types</Filter>
    </ClInclude>
    <ClInclude Include="M2\M2_SkinTypes.h">
      <Filter>M2\Types</Filter>
    </ClInclude>
    <ClInclude Include="M2\M2_Types.h">
      <Filter>M2\Types</Filter>
    </ClInclude>
    <ClInclude Include="M2\M2_Material.h">
      <Filter>M2\Skins</Filter>
    </ClInclude>
    <ClInclude Include="M2\M2_Skin.h">
      <Filter>M2\Skins</Filter>
    </ClInclude>
    <ClInclude Include="M2\M2_Skin_Batch.h">
      <Filter>M2\Skins</Filter>
    </ClInclude>
    <ClInclude Include="M2\M2_SkinSection.h">
      <Filter>M2\Skins</Filter>
    </ClInclude>
    <ClInclude Include="M2\M2_Base_Instance.h">
      <Filter>M2\SceneNode &amp; Components</Filter>
    </ClInclude>
    <ClInclude Include="M2\M2_ColliderComponent.h">
      <Filter>M2\SceneNode &amp; Components</Filter>
    </ClInclude>
    <ClInclude Include="M2\M2_Builder.h">
      <Filter>M2\Builders</Filter>
    </ClInclude>
    <ClInclude Include="M2\M2_Skin_Builder.h">
      <Filter>M2\Builders</Filter>
    </ClInclude>
    <ClInclude Include="M2\M2_Comp_Materials.h">
      <Filter>M2\Components</Filter>
    </ClInclude>
    <ClInclude Include="M2\M2_Comp_Miscellaneous.h">
      <Filter>M2\Components</Filter>
    </ClInclude>
    <ClInclude Include="M2\M2_Comp_Skeleton.h">
      <Filter>M2\Components</Filter>
    </ClInclude>
    <ClInclude Include="M2\M2_Part_Color.h">
      <Filter>M2\Components\Parts_Materials</Filter>
    </ClInclude>
    <ClInclude Include="M2\M2_Part_Material.h">
      <Filter>M2\Components\Parts_Materials</Filter>
    </ClInclude>
    <ClInclude Include="M2\M2_Part_Texture.h">
      <Filter>M2\Components\Parts_Materials</Filter>
    </ClInclude>
    <ClInclude Include="M2\M2_Part_TextureTransform.h">
      <Filter>M2\Components\Parts_Materials</Filter>
    </ClInclude>
    <ClInclude Include="M2\M2_Part_TextureWeight.h">
      <Filter>M2\Components\Parts_Materials</Filter>
    </ClInclude>
    <ClInclude Include="M2\M2_Part_Attachment.h">
      <Filter>M2\Components\Parts_Miscellaneous</Filter>
    </ClInclude>
    <ClInclude Include="M2\M2_Part_Camera.h">
      <Filter>M2\Components\Parts_Miscellaneous</Filter>
    </ClInclude>
    <ClInclude Include="M2\M2_Part_Event.h">
      <Filter>M2\Components\Parts_Miscellaneous</Filter>
    </ClInclude>
    <ClInclude Include="M2\M2_Part_Light.h">
      <Filter>M2\Components\Parts_Miscellaneous</Filter>
    </ClInclude>
    <ClInclude Include="M2\M2_Part_Bone.h">
      <Filter>M2\Components\Parts_Skeleton</Filter>
    </ClInclude>
    <ClInclude Include="M2\M2_Animation.h">
      <Filter>M2\Animations</Filter>
    </ClInclude>
    <ClInclude Include="M2\M2_Animator.h">
      <Filter>M2\Animations</Filter>
    </ClInclude>
    <ClInclude Include="M2\ParticleEmitter_Plane.h">
      <Filter>M2\Components\Parts_Miscellaneous\Particles</Filter>
    </ClInclude>
    <ClInclude Include="M2\ParticleEmitter_Sphere.h">
      <Filter>M2\Components\Parts_Miscellaneous\Particles</Filter>
    </ClInclude>
    <ClInclude Include="M2\ParticleEmitters.h">
      <Filter>M2\Components\Parts_Miscellaneous\Particles</Filter>
    </ClInclude>
    <ClInclude Include="M2\ParticleSystem.h">
      <Filter>M2\Components\Parts_Miscellaneous\Particles</Filter>
    </ClInclude>
    <ClInclude Include="M2\M2_RibbonEmitters.h">
      <Filter>M2\Components\Parts_Miscellaneous\Ribbons</Filter>
    </ClInclude>
    <ClInclude Include="WMO\WMO.h">
      <Filter>WMO</Filter>
    </ClInclude>
    <ClInclude Include="WMO\WMO_Headers.h">
      <Filter>WMO</Filter>
    </ClInclude>
    <ClInclude Include="WMO\WMO_PortalsController.h">
      <Filter>WMO</Filter>
    </ClInclude>
    <ClInclude Include="WMO\WMOsManager.h">
      <Filter>WMO</Filter>
    </ClInclude>
    <ClInclude Include="WMO\WMO_Group.h">
      <Filter>WMO\Groups</Filter>
    </ClInclude>
    <ClInclude Include="WMO\WMO_Group_Headers.h">
      <Filter>WMO\Groups</Filter>
    </ClInclude>
    <ClInclude Include="WMO\WMO_Group_Instance.h">
      <Filter>WMO\Groups</Filter>
    </ClInclude>
    <ClInclude Include="WMO\WMO_Group_Part_Batch.h">
      <Filter>WMO\Groups</Filter>
    </ClInclude>
    <ClInclude Include="WMO\WMO_Group_Part_BSP_Node.h">
      <Filter>WMO\Groups</Filter>
    </ClInclude>
    <ClInclude Include="WMO\WMO_Fixes.h">
      <Filter>WMO\Groups</Filter>
    </ClInclude>
    <ClInclude Include="WMO\WMO_Base_Instance.h">
      <Filter>WMO\Instances</Filter>
    </ClInclude>
    <ClInclude Include="WMO\WMO_Doodad_Instance.h">
      <Filter>WMO\Instances</Filter>
    </ClInclude>
    <ClInclude Include="WMO\WMO_Liquid_Instance.h">
      <Filter>WMO\Instances</Filter>
    </ClInclude>
    <ClInclude Include="WMO\WMO_Part_Fog.h">
      <Filter>WMO\Parts</Filter>
    </ClInclude>
    <ClInclude Include="WMO\WMO_Part_Light.h">
      <Filter>WMO\Parts</Filter>
    </ClInclude>
    <ClInclude Include="WMO\WMO_Part_Material.h">
      <Filter>WMO\Parts</Filter>
    </ClInclude>
    <ClInclude Include="WMO\WMO_Part_Portal.h">
      <Filter>WMO\Parts</Filter>
    </ClInclude>
    <ClInclude Include="M2\RenderPass_M2.h">
      <Filter>RenderStuff</Filter>
    </ClInclude>
    <ClInclude Include="WMO\RenderPass_WMO.h">
      <Filter>RenderStuff</Filter>
    </ClInclude>
    <ClInclude Include="WoWChunkReader.h">
      <Filter>WoW Specific</Filter>
    </ClInclude>
    <ClInclude Include="WowChunkUtils.h">
      <Filter>WoW Specific</Filter>
    </ClInclude>
    <ClInclude Include="WowConsts.h">
      <Filter>WoW Specific</Filter>
    </ClInclude>
    <ClInclude Include="WowTime.h">
      <Filter>WoW Specific</Filter>
    </ClInclude>
    <ClInclude Include="WowTypes.h">
      <Filter>WoW Specific</Filter>
    </ClInclude>
    <ClInclude Include="WMO\WMO_Liquid.h">
      <Filter>WMO\Parts</Filter>
    </ClInclude>
    <ClInclude Include="Formats\ImageBLP.h">
      <Filter>Formats</Filter>
    </ClInclude>
    <ClInclude Include="Formats\MPQFilesStorage.h">
      <Filter>Formats</Filter>
    </ClInclude>
    <ClInclude Include="..\Externals\libmpq\libmpq\common.h">
      <Filter>Formats\libmpq</Filter>
    </ClInclude>
    <ClInclude Include="..\Externals\libmpq\libmpq\crypt_buf.h">
      <Filter>Formats\libmpq</Filter>
    </ClInclude>
    <ClInclude Include="..\Externals\libmpq\libmpq\explode.h">
      <Filter>Formats\libmpq</Filter>
    </ClInclude>
    <ClInclude Include="..\Externals\libmpq\libmpq\extract.h">
      <Filter>Formats\libmpq</Filter>
    </ClInclude>
    <ClInclude Include="..\Externals\libmpq\libmpq\huffman.h">
      <Filter>Formats\libmpq</Filter>
    </ClInclude>
    <ClInclude Include="..\Externals\libmpq\libmpq\mpq.h">
      <Filter>Formats\libmpq</Filter>
    </ClInclude>
    <ClInclude Include="..\Externals\libmpq\libmpq\mpq-internal.h">
      <Filter>Formats\libmpq</Filter>
    </ClInclude>
    <ClInclude Include="..\Externals\libmpq\libmpq\pack_begin.h">
      <Filter>Formats\libmpq</Filter>
    </ClInclude>
    <ClInclude Include="..\Externals\libmpq\libmpq\pack_end.h">
      <Filter>Formats\libmpq</Filter>
    </ClInclude>
    <ClInclude Include="..\Externals\libmpq\libmpq\platform.h">
      <Filter>Formats\libmpq</Filter>
    </ClInclude>
    <ClInclude Include="..\Externals\libmpq\libmpq\wave.h">
      <Filter>Formats\libmpq</Filter>
    </ClInclude>
    <ClInclude Include="Liquid\Liquid.h">
      <Filter>Liquid</Filter>
    </ClInclude>
    <ClInclude Include="Liquid\LiquidInstance.h">
      <Filter>Liquid</Filter>
    </ClInclude>
    <ClInclude Include="Liquid\LiquidLayer.h">
      <Filter>Liquid</Filter>
    </ClInclude>
    <ClInclude Include="Liquid\LiquidMaterial.h">
      <Filter>Liquid</Filter>
    </ClInclude>
    <ClInclude Include="Sky\Sky.h">
      <Filter>Sky</Filter>
    </ClInclude>
    <ClInclude Include="Sky\Sky_Material.h">
      <Filter>Sky</Filter>
    </ClInclude>
    <ClInclude Include="Sky\SkyManager.h">
      <Filter>Sky</Filter>
    </ClInclude>
    <ClInclude Include="Sky\SkyParams.h">
      <Filter>Sky</Filter>
    </ClInclude>
    <ClInclude Include="Sky\RenderPass_Sky.h">
      <Filter>RenderStuff</Filter>
    </ClInclude>
    <ClInclude Include="Liquid\RenderPass_Liquid.h">
      <Filter>RenderStuff</Filter>
    </ClInclude>
  </ItemGroup>
  <ItemGroup>
    <None Include="DBC\Core\DBC__File.inl">
      <Filter>DBC</Filter>
    </None>
    <None Include="WoWChunkReader.inl">
      <Filter>WoW Specific</Filter>
    </None>
    <None Include="Sky\Sky.inl">
      <Filter>Sky</Filter>
    </None>
  </ItemGroup>
</Project>